<?xml version="1.0" encoding="UTF-8" standalone="yes" ?>
<CodeBlocks_project_file>
	<FileVersion major="1" minor="6" />
	<Project>
		<Option title="Schedule Vehicle" />
		<Option pch_mode="2" />
		<Option compiler="gcc" />
		<Build>
			<Target title="Debug">
				<Option output="bin/Debug/Schedule Vehicle" prefix_auto="1" extension_auto="1" />
				<Option object_output="obj/Debug/" />
				<Option type="1" />
				<Option compiler="gcc" />
				<Compiler>
					<Add option="-g" />
				</Compiler>
			</Target>
			<Target title="Release">
				<Option output="bin/Release/Schedule Vehicle" prefix_auto="1" extension_auto="1" />
				<Option object_output="obj/Release/" />
				<Option type="1" />
				<Option compiler="gcc" />
				<Compiler>
					<Add option="-O2" />
				</Compiler>
				<Linker>
					<Add option="-s" />
				</Linker>
			</Target>
		</Build>
		<Compiler>
			<Add option="-Wall" />
		</Compiler>
		<Unit filename="Headers/Bus.hpp" />
		<Unit filename="Headers/Departuret.hpp" />
		<Unit filename="Headers/Driver.hpp" />
		<Unit filename="Headers/Line.hpp" />
		<Unit filename="Headers/LineSchedule.hpp" />
		<Unit filename="Headers/LocalBus.hpp" />
		<Unit filename="Headers/LongDistanceBus.hpp" />
		<Unit filename="Headers/Maintenace.hpp" />
		<Unit filename="Headers/Mechanic.hpp" />
		<Unit filename="Headers/Staff.hpp" />
		<Unit filename="Headers/Stop.hpp" />
		<Unit filename="Headers/Time.hpp" />
		<Unit filename="Headers/Tour.hpp" />
		<Unit filename="Headers/Tram.hpp" />
		<Unit filename="Headers/Vehicle.hpp" />
		<Unit filename="Headers/WorkUnit.hpp" />
		<Unit filename="Sources/Task 5.cpp" />
		<Extensions>
			<code_completion />
			<envvars />
			<debugger />
		</Extensions>
	</Project>
</CodeBlocks_project_file>
